// !$*UTF8*$!
{
	archiveVersion = 1;
	classes = {
	};
	objectVersion = 51;
	objects = {

/* Begin PBXBuildFile section */
		24019FA924B87B3C0033AF4A /* Drink.swift in Sources */ = {isa = PBXBuildFile; fileRef = 24019FA824B87B3C0033AF4A /* Drink.swift */; };
		24019FAC24B87B960033AF4A /* ServerManager.swift in Sources */ = {isa = PBXBuildFile; fileRef = 24019FAB24B87B960033AF4A /* ServerManager.swift */; };
		24019FAF24B87EA70033AF4A /* DrinkTableViewCell.swift in Sources */ = {isa = PBXBuildFile; fileRef = 24019FAE24B87EA70033AF4A /* DrinkTableViewCell.swift */; };
		24019FB224B8D0720033AF4A /* FilterTableViewCell.swift in Sources */ = {isa = PBXBuildFile; fileRef = 24019FB124B8D0720033AF4A /* FilterTableViewCell.swift */; };
		24019FB424B8D6140033AF4A /* FiltersTableViewController.swift in Sources */ = {isa = PBXBuildFile; fileRef = 24019FB324B8D6140033AF4A /* FiltersTableViewController.swift */; };
		245FED8424B86E6D00F068D1 /* AppDelegate.swift in Sources */ = {isa = PBXBuildFile; fileRef = 245FED8324B86E6D00F068D1 /* AppDelegate.swift */; };
		245FED8624B86E6D00F068D1 /* SceneDelegate.swift in Sources */ = {isa = PBXBuildFile; fileRef = 245FED8524B86E6D00F068D1 /* SceneDelegate.swift */; };
		245FED8B24B86E6D00F068D1 /* Main.storyboard in Resources */ = {isa = PBXBuildFile; fileRef = 245FED8924B86E6D00F068D1 /* Main.storyboard */; };
		245FED8D24B86E7500F068D1 /* Assets.xcassets in Resources */ = {isa = PBXBuildFile; fileRef = 245FED8C24B86E7500F068D1 /* Assets.xcassets */; };
		245FED9024B86E7500F068D1 /* LaunchScreen.storyboard in Resources */ = {isa = PBXBuildFile; fileRef = 245FED8E24B86E7500F068D1 /* LaunchScreen.storyboard */; };
		2467D11824B872590048923D /* DrinksTableViewController.swift in Sources */ = {isa = PBXBuildFile; fileRef = 2467D11724B872590048923D /* DrinksTableViewController.swift */; };
		F227FE9CB25679CB25050C1A /* Pods_Cocktail_DB.framework in Frameworks */ = {isa = PBXBuildFile; fileRef = C3904805E20DAC8CC5DF0427 /* Pods_Cocktail_DB.framework */; };
/* End PBXBuildFile section */

/* Begin PBXFileReference section */
		24019FA824B87B3C0033AF4A /* Drink.swift */ = {isa = PBXFileReference; lastKnownFileType = sourcecode.swift; path = Drink.swift; sourceTree = "<group>"; };
		24019FAB24B87B960033AF4A /* ServerManager.swift */ = {isa = PBXFileReference; lastKnownFileType = sourcecode.swift; path = ServerManager.swift; sourceTree = "<group>"; };
		24019FAE24B87EA70033AF4A /* DrinkTableViewCell.swift */ = {isa = PBXFileReference; lastKnownFileType = sourcecode.swift; path = DrinkTableViewCell.swift; sourceTree = "<group>"; };
		24019FB124B8D0720033AF4A /* FilterTableViewCell.swift */ = {isa = PBXFileReference; lastKnownFileType = sourcecode.swift; path = FilterTableViewCell.swift; sourceTree = "<group>"; };
		24019FB324B8D6140033AF4A /* FiltersTableViewController.swift */ = {isa = PBXFileReference; lastKnownFileType = sourcecode.swift; path = FiltersTableViewController.swift; sourceTree = "<group>"; };
		245FED8024B86E6D00F068D1 /* Cocktail DB.app */ = {isa = PBXFileReference; explicitFileType = wrapper.application; includeInIndex = 0; path = "Cocktail DB.app"; sourceTree = BUILT_PRODUCTS_DIR; };
		245FED8324B86E6D00F068D1 /* AppDelegate.swift */ = {isa = PBXFileReference; lastKnownFileType = sourcecode.swift; path = AppDelegate.swift; sourceTree = "<group>"; };
		245FED8524B86E6D00F068D1 /* SceneDelegate.swift */ = {isa = PBXFileReference; lastKnownFileType = sourcecode.swift; path = SceneDelegate.swift; sourceTree = "<group>"; };
		245FED8A24B86E6D00F068D1 /* Base */ = {isa = PBXFileReference; lastKnownFileType = file.storyboard; name = Base; path = Base.lproj/Main.storyboard; sourceTree = "<group>"; };
		245FED8C24B86E7500F068D1 /* Assets.xcassets */ = {isa = PBXFileReference; lastKnownFileType = folder.assetcatalog; path = Assets.xcassets; sourceTree = "<group>"; };
		245FED8F24B86E7500F068D1 /* Base */ = {isa = PBXFileReference; lastKnownFileType = file.storyboard; name = Base; path = Base.lproj/LaunchScreen.storyboard; sourceTree = "<group>"; };
		245FED9124B86E7500F068D1 /* Info.plist */ = {isa = PBXFileReference; lastKnownFileType = text.plist.xml; path = Info.plist; sourceTree = "<group>"; };
		2467D11724B872590048923D /* DrinksTableViewController.swift */ = {isa = PBXFileReference; lastKnownFileType = sourcecode.swift; path = DrinksTableViewController.swift; sourceTree = "<group>"; };
		957FE488C7CD90881C15D047 /* Pods-Cocktail DB.debug.xcconfig */ = {isa = PBXFileReference; includeInIndex = 1; lastKnownFileType = text.xcconfig; name = "Pods-Cocktail DB.debug.xcconfig"; path = "Target Support Files/Pods-Cocktail DB/Pods-Cocktail DB.debug.xcconfig"; sourceTree = "<group>"; };
		ACD5A195B02E55B5F7E50248 /* Pods-Cocktail DB.release.xcconfig */ = {isa = PBXFileReference; includeInIndex = 1; lastKnownFileType = text.xcconfig; name = "Pods-Cocktail DB.release.xcconfig"; path = "Target Support Files/Pods-Cocktail DB/Pods-Cocktail DB.release.xcconfig"; sourceTree = "<group>"; };
		C3904805E20DAC8CC5DF0427 /* Pods_Cocktail_DB.framework */ = {isa = PBXFileReference; explicitFileType = wrapper.framework; includeInIndex = 0; path = Pods_Cocktail_DB.framework; sourceTree = BUILT_PRODUCTS_DIR; };
/* End PBXFileReference section */

/* Begin PBXFrameworksBuildPhase section */
		245FED7D24B86E6D00F068D1 /* Frameworks */ = {
			isa = PBXFrameworksBuildPhase;
			buildActionMask = 2147483647;
			files = (
				F227FE9CB25679CB25050C1A /* Pods_Cocktail_DB.framework in Frameworks */,
			);
			runOnlyForDeploymentPostprocessing = 0;
		};
/* End PBXFrameworksBuildPhase section */

/* Begin PBXGroup section */
		24019FAA24B87B490033AF4A /* Models */ = {
			isa = PBXGroup;
			children = (
				24019FA824B87B3C0033AF4A /* Drink.swift */,
			);
			name = Models;
			sourceTree = "<group>";
		};
		24019FAD24B87B9C0033AF4A /* Managers */ = {
			isa = PBXGroup;
			children = (
				24019FAB24B87B960033AF4A /* ServerManager.swift */,
			);
			path = Managers;
			sourceTree = "<group>";
		};
		24019FB024B87EAE0033AF4A /* Cells */ = {
			isa = PBXGroup;
			children = (
				24019FAE24B87EA70033AF4A /* DrinkTableViewCell.swift */,
				24019FB124B8D0720033AF4A /* FilterTableViewCell.swift */,
			);
			path = Cells;
			sourceTree = "<group>";
		};
		245FED7724B86E6D00F068D1 = {
			isa = PBXGroup;
			children = (
				245FED8224B86E6D00F068D1 /* Cocktail DB */,
				245FED8124B86E6D00F068D1 /* Products */,
				3F1CDA500C2CEF69F73E1878 /* Pods */,
				F6BAA58765EDBC7D64FC3878 /* Frameworks */,
			);
			sourceTree = "<group>";
		};
		245FED8124B86E6D00F068D1 /* Products */ = {
			isa = PBXGroup;
			children = (
				245FED8024B86E6D00F068D1 /* Cocktail DB.app */,
			);
			name = Products;
			sourceTree = "<group>";
		};
		245FED8224B86E6D00F068D1 /* Cocktail DB */ = {
			isa = PBXGroup;
			children = (
				245FED8324B86E6D00F068D1 /* AppDelegate.swift */,
				245FED8524B86E6D00F068D1 /* SceneDelegate.swift */,
				24019FAD24B87B9C0033AF4A /* Managers */,
				2467D11924B872920048923D /* ViewControllers */,
				24019FAA24B87B490033AF4A /* Models */,
				24019FB024B87EAE0033AF4A /* Cells */,
				245FED8924B86E6D00F068D1 /* Main.storyboard */,
				245FED8C24B86E7500F068D1 /* Assets.xcassets */,
				245FED8E24B86E7500F068D1 /* LaunchScreen.storyboard */,
				245FED9124B86E7500F068D1 /* Info.plist */,
			);
			path = "Cocktail DB";
			sourceTree = "<group>";
		};
		2467D11924B872920048923D /* ViewControllers */ = {
			isa = PBXGroup;
			children = (
				2467D11724B872590048923D /* DrinksTableViewController.swift */,
				24019FB324B8D6140033AF4A /* FiltersTableViewController.swift */,
			);
			path = ViewControllers;
			sourceTree = "<group>";
		};
		3F1CDA500C2CEF69F73E1878 /* Pods */ = {
			isa = PBXGroup;
			children = (
				957FE488C7CD90881C15D047 /* Pods-Cocktail DB.debug.xcconfig */,
				ACD5A195B02E55B5F7E50248 /* Pods-Cocktail DB.release.xcconfig */,
			);
			path = Pods;
			sourceTree = "<group>";
		};
		F6BAA58765EDBC7D64FC3878 /* Frameworks */ = {
			isa = PBXGroup;
			children = (
				C3904805E20DAC8CC5DF0427 /* Pods_Cocktail_DB.framework */,
			);
			name = Frameworks;
			sourceTree = "<group>";
		};
/* End PBXGroup section */

/* Begin PBXNativeTarget section */
		245FED7F24B86E6D00F068D1 /* Cocktail DB */ = {
			isa = PBXNativeTarget;
			buildConfigurationList = 245FED9424B86E7500F068D1 /* Build configuration list for PBXNativeTarget "Cocktail DB" */;
			buildPhases = (
				2D08CC24064C3751097F1478 /* [CP] Check Pods Manifest.lock */,
				245FED7C24B86E6D00F068D1 /* Sources */,
				245FED7D24B86E6D00F068D1 /* Frameworks */,
				245FED7E24B86E6D00F068D1 /* Resources */,
				C1760A062A8E951F77E9C978 /* [CP] Embed Pods Frameworks */,
			);
			buildRules = (
			);
			dependencies = (
			);
			name = "Cocktail DB";
			productName = "Cocktail DB";
			productReference = 245FED8024B86E6D00F068D1 /* Cocktail DB.app */;
			productType = "com.apple.product-type.application";
		};
/* End PBXNativeTarget section */

/* Begin PBXProject section */
		245FED7824B86E6D00F068D1 /* Project object */ = {
			isa = PBXProject;
			attributes = {
				LastSwiftUpdateCheck = 1150;
				LastUpgradeCheck = 1150;
				ORGANIZATIONNAME = MG;
				TargetAttributes = {
					245FED7F24B86E6D00F068D1 = {
						CreatedOnToolsVersion = 11.5;
					};
				};
			};
			buildConfigurationList = 245FED7B24B86E6D00F068D1 /* Build configuration list for PBXProject "Cocktail DB" */;
			compatibilityVersion = "Xcode 9.3";
			developmentRegion = en;
			hasScannedForEncodings = 0;
			knownRegions = (
				en,
				Base,
			);
			mainGroup = 245FED7724B86E6D00F068D1;
			productRefGroup = 245FED8124B86E6D00F068D1 /* Products */;
			projectDirPath = "";
			projectRoot = "";
			targets = (
				245FED7F24B86E6D00F068D1 /* Cocktail DB */,
			);
		};
/* End PBXProject section */

/* Begin PBXResourcesBuildPhase section */
		245FED7E24B86E6D00F068D1 /* Resources */ = {
			isa = PBXResourcesBuildPhase;
			buildActionMask = 2147483647;
			files = (
				245FED9024B86E7500F068D1 /* LaunchScreen.storyboard in Resources */,
				245FED8D24B86E7500F068D1 /* Assets.xcassets in Resources */,
				245FED8B24B86E6D00F068D1 /* Main.storyboard in Resources */,
			);
			runOnlyForDeploymentPostprocessing = 0;
		};
/* End PBXResourcesBuildPhase section */

/* Begin PBXShellScriptBuildPhase section */
		2D08CC24064C3751097F1478 /* [CP] Check Pods Manifest.lock */ = {
			isa = PBXShellScriptBuildPhase;
			buildActionMask = 2147483647;
			files = (
			);
			inputFileListPaths = (
			);
			inputPaths = (
				"${PODS_PODFILE_DIR_PATH}/Podfile.lock",
				"${PODS_ROOT}/Manifest.lock",
			);
			name = "[CP] Check Pods Manifest.lock";
			outputFileListPaths = (
			);
			outputPaths = (
				"$(DERIVED_FILE_DIR)/Pods-Cocktail DB-checkManifestLockResult.txt",
			);
			runOnlyForDeploymentPostprocessing = 0;
			shellPath = /bin/sh;
			shellScript = "diff \"${PODS_PODFILE_DIR_PATH}/Podfile.lock\" \"${PODS_ROOT}/Manifest.lock\" > /dev/null\nif [ $? != 0 ] ; then\n    # print error to STDERR\n    echo \"error: The sandbox is not in sync with the Podfile.lock. Run 'pod install' or update your CocoaPods installation.\" >&2\n    exit 1\nfi\n# This output is used by Xcode 'outputs' to avoid re-running this script phase.\necho \"SUCCESS\" > \"${SCRIPT_OUTPUT_FILE_0}\"\n";
			showEnvVarsInLog = 0;
		};
		C1760A062A8E951F77E9C978 /* [CP] Embed Pods Frameworks */ = {
			isa = PBXShellScriptBuildPhase;
			buildActionMask = 2147483647;
			files = (
			);
			inputFileListPaths = (
				"${PODS_ROOT}/Target Support Files/Pods-Cocktail DB/Pods-Cocktail DB-frameworks-${CONFIGURATION}-input-files.xcfilelist",
			);
			name = "[CP] Embed Pods Frameworks";
			outputFileListPaths = (
				"${PODS_ROOT}/Target Support Files/Pods-Cocktail DB/Pods-Cocktail DB-frameworks-${CONFIGURATION}-output-files.xcfilelist",
			);
			runOnlyForDeploymentPostprocessing = 0;
			shellPath = /bin/sh;
			shellScript = "\"${PODS_ROOT}/Target Support Files/Pods-Cocktail DB/Pods-Cocktail DB-frameworks.sh\"\n";
			showEnvVarsInLog = 0;
		};
/* End PBXShellScriptBuildPhase section */

/* Begin PBXSourcesBuildPhase section */
		245FED7C24B86E6D00F068D1 /* Sources */ = {
			isa = PBXSourcesBuildPhase;
			buildActionMask = 2147483647;
			files = (
				24019FAC24B87B960033AF4A /* ServerManager.swift in Sources */,
				2467D11824B872590048923D /* DrinksTableViewController.swift in Sources */,
				245FED8424B86E6D00F068D1 /* AppDelegate.swift in Sources */,
				24019FA924B87B3C0033AF4A /* Drink.swift in Sources */,
				24019FAF24B87EA70033AF4A /* DrinkTableViewCell.swift in Sources */,
				24019FB224B8D0720033AF4A /* FilterTableViewCell.swift in Sources */,
				24019FB424B8D6140033AF4A /* FiltersTableViewController.swift in Sources */,
				245FED8624B86E6D00F068D1 /* SceneDelegate.swift in Sources */,
			);
			runOnlyForDeploymentPostprocessing = 0;
		};
/* End PBXSourcesBuildPhase section */

/* Begin PBXVariantGroup section */
		245FED8924B86E6D00F068D1 /* Main.storyboard */ = {
			isa = PBXVariantGroup;
			children = (
				245FED8A24B86E6D00F068D1 /* Base */,
			);
			name = Main.storyboard;
			sourceTree = "<group>";
		};
		245FED8E24B86E7500F068D1 /* LaunchScreen.storyboard */ = {
			isa = PBXVariantGroup;
			children = (
				245FED8F24B86E7500F068D1 /* Base */,
			);
			name = LaunchScreen.storyboard;
			sourceTree = "<group>";
		};
/* End PBXVariantGroup section */

/* Begin XCBuildConfiguration section */
		245FED9224B86E7500F068D1 /* Debug */ = {
			isa = XCBuildConfiguration;
			buildSettings = {
				ALWAYS_SEARCH_USER_PATHS = NO;
				CLANG_ANALYZER_NONNULL = YES;
				CLANG_ANALYZER_NUMBER_OBJECT_CONVERSION = YES_AGGRESSIVE;
				CLANG_CXX_LANGUAGE_STANDARD = "gnu++14";
				CLANG_CXX_LIBRARY = "libc++";
				CLANG_ENABLE_MODULES = YES;
				CLANG_ENABLE_OBJC_ARC = YES;
				CLANG_ENABLE_OBJC_WEAK = YES;
				CLANG_WARN_BLOCK_CAPTURE_AUTORELEASING = YES;
				CLANG_WARN_BOOL_CONVERSION = YES;
				CLANG_WARN_COMMA = YES;
				CLANG_WARN_CONSTANT_CONVERSION = YES;
				CLANG_WARN_DEPRECATED_OBJC_IMPLEMENTATIONS = YES;
				CLANG_WARN_DIRECT_OBJC_ISA_USAGE = YES_ERROR;
				CLANG_WARN_DOCUMENTATION_COMMENTS = YES;
				CLANG_WARN_EMPTY_BODY = YES;
				CLANG_WARN_ENUM_CONVERSION = YES;
				CLANG_WARN_INFINITE_RECURSION = YES;
				CLANG_WARN_INT_CONVERSION = YES;
				CLANG_WARN_NON_LITERAL_NULL_CONVERSION = YES;
				CLANG_WARN_OBJC_IMPLICIT_RETAIN_SELF = YES;
				CLANG_WARN_OBJC_LITERAL_CONVERSION = YES;
				CLANG_WARN_OBJC_ROOT_CLASS = YES_ERROR;
				CLANG_WARN_RANGE_LOOP_ANALYSIS = YES;
				CLANG_WARN_STRICT_PROTOTYPES = YES;
				CLANG_WARN_SUSPICIOUS_MOVE = YES;
				CLANG_WARN_UNGUARDED_AVAILABILITY = YES_AGGRESSIVE;
				CLANG_WARN_UNREACHABLE_CODE = YES;
				CLANG_WARN__DUPLICATE_METHOD_MATCH = YES;
				COPY_PHASE_STRIP = NO;
				DEBUG_INFORMATION_FORMAT = dwarf;
				ENABLE_STRICT_OBJC_MSGSEND = YES;
				ENABLE_TESTABILITY = YES;
				GCC_C_LANGUAGE_STANDARD = gnu11;
				GCC_DYNAMIC_NO_PIC = NO;
				GCC_NO_COMMON_BLOCKS = YES;
				GCC_OPTIMIZATION_LEVEL = 0;
				GCC_PREPROCESSOR_DEFINITIONS = (
					"DEBUG=1",
					"$(inherited)",
				);
				GCC_WARN_64_TO_32_BIT_CONVERSION = YES;
				GCC_WARN_ABOUT_RETURN_TYPE = YES_ERROR;
				GCC_WARN_UNDECLARED_SELECTOR = YES;
				GCC_WARN_UNINITIALIZED_AUTOS = YES_AGGRESSIVE;
				GCC_WARN_UNUSED_FUNCTION = YES;
				GCC_WARN_UNUSED_VARIABLE = YES;
				IPHONEOS_DEPLOYMENT_TARGET = 13.5;
				MTL_ENABLE_DEBUG_INFO = INCLUDE_SOURCE;
				MTL_FAST_MATH = YES;
				ONLY_ACTIVE_ARCH = YES;
				SDKROOT = iphoneos;
				SWIFT_ACTIVE_COMPILATION_CONDITIONS = DEBUG;
				SWIFT_OPTIMIZATION_LEVEL = "-Onone";
			};
			name = Debug;
		};
		245FED9324B86E7500F068D1 /* Release */ = {
			isa = XCBuildConfiguration;
			buildSettings = {
				ALWAYS_SEARCH_USER_PATHS = NO;
				CLANG_ANALYZER_NONNULL = YES;
				CLANG_ANALYZER_NUMBER_OBJECT_CONVERSION = YES_AGGRESSIVE;
				CLANG_CXX_LANGUAGE_STANDARD = "gnu++14";
				CLANG_CXX_LIBRARY = "libc++";
				CLANG_ENABLE_MODULES = YES;
				CLANG_ENABLE_OBJC_ARC = YES;
				CLANG_ENABLE_OBJC_WEAK = YES;
				CLANG_WARN_BLOCK_CAPTURE_AUTORELEASING = YES;
				CLANG_WARN_BOOL_CONVERSION = YES;
				CLANG_WARN_COMMA = YES;
				CLANG_WARN_CONSTANT_CONVERSION = YES;
				CLANG_WARN_DEPRECATED_OBJC_IMPLEMENTATIONS = YES;
				CLANG_WARN_DIRECT_OBJC_ISA_USAGE = YES_ERROR;
				CLANG_WARN_DOCUMENTATION_COMMENTS = YES;
				CLANG_WARN_EMPTY_BODY = YES;
				CLANG_WARN_ENUM_CONVERSION = YES;
				CLANG_WARN_INFINITE_RECURSION = YES;
				CLANG_WARN_INT_CONVERSION = YES;
				CLANG_WARN_NON_LITERAL_NULL_CONVERSION = YES;
				CLANG_WARN_OBJC_IMPLICIT_RETAIN_SELF = YES;
				CLANG_WARN_OBJC_LITERAL_CONVERSION = YES;
				CLANG_WARN_OBJC_ROOT_CLASS = YES_ERROR;
				CLANG_WARN_RANGE_LOOP_ANALYSIS = YES;
				CLANG_WARN_STRICT_PROTOTYPES = YES;
				CLANG_WARN_SUSPICIOUS_MOVE = YES;
				CLANG_WARN_UNGUARDED_AVAILABILITY = YES_AGGRESSIVE;
				CLANG_WARN_UNREACHABLE_CODE = YES;
				CLANG_WARN__DUPLICATE_METHOD_MATCH = YES;
				COPY_PHASE_STRIP = NO;
				DEBUG_INFORMATION_FORMAT = "dwarf-with-dsym";
				ENABLE_NS_ASSERTIONS = NO;
				ENABLE_STRICT_OBJC_MSGSEND = YES;
				GCC_C_LANGUAGE_STANDARD = gnu11;
				GCC_NO_COMMON_BLOCKS = YES;
				GCC_WARN_64_TO_32_BIT_CONVERSION = YES;
				GCC_WARN_ABOUT_RETURN_TYPE = YES_ERROR;
				GCC_WARN_UNDECLARED_SELECTOR = YES;
				GCC_WARN_UNINITIALIZED_AUTOS = YES_AGGRESSIVE;
				GCC_WARN_UNUSED_FUNCTION = YES;
				GCC_WARN_UNUSED_VARIABLE = YES;
				IPHONEOS_DEPLOYMENT_TARGET = 13.5;
				MTL_ENABLE_DEBUG_INFO = NO;
				MTL_FAST_MATH = YES;
				SDKROOT = iphoneos;
				SWIFT_COMPILATION_MODE = wholemodule;
				SWIFT_OPTIMIZATION_LEVEL = "-O";
				VALIDATE_PRODUCT = YES;
			};
			name = Release;
		};
		245FED9524B86E7500F068D1 /* Debug */ = {
			isa = XCBuildConfiguration;
			baseConfigurationReference = 957FE488C7CD90881C15D047 /* Pods-Cocktail DB.debug.xcconfig */;
			buildSettings = {
				ASSETCATALOG_COMPILER_APPICON_NAME = AppIcon;
				CODE_SIGN_STYLE = Automatic;
				INFOPLIST_FILE = "Cocktail DB/Info.plist";
				LD_RUNPATH_SEARCH_PATHS = (
					"$(inherited)",
					"@executable_path/Frameworks",
				);
				PRODUCT_BUNDLE_IDENTIFIER = "MG.Cocktail-DB";
				PRODUCT_NAME = "$(TARGET_NAME)";
				SWIFT_VERSION = 5.0;
				TARGETED_DEVICE_FAMILY = "1,2";
			};
			name = Debug;
		};
		245FED9624B86E7500F068D1 /* Release */ = {
			isa = XCBuildConfiguration;
			baseConfigurationReference = ACD5A195B02E55B5F7E50248 /* Pods-Cocktail DB.release.xcconfig */;
			buildSettings = {
				ASSETCATALOG_COMPILER_APPICON_NAME = AppIcon;
				CODE_SIGN_STYLE = Automatic;
				INFOPLIST_FILE = "Cocktail DB/Info.plist";
				LD_RUNPATH_SEARCH_PATHS = (
					"$(inherited)",
					"@executable_path/Frameworks",
				);
				PRODUCT_BUNDLE_IDENTIFIER = "MG.Cocktail-DB";
				PRODUCT_NAME = "$(TARGET_NAME)";
				SWIFT_VERSION = 5.0;
				TARGETED_DEVICE_FAMILY = "1,2";
			};
			name = Release;
		};
/* End XCBuildConfiguration section */

/* Begin XCConfigurationList section */
		245FED7B24B86E6D00F068D1 /* Build configuration list for PBXProject "Cocktail DB" */ = {
			isa = XCConfigurationList;
			buildConfigurations = (
				245FED9224B86E7500F068D1 /* Debug */,
				245FED9324B86E7500F068D1 /* Release */,
			);
			defaultConfigurationIsVisible = 0;
			defaultConfigurationName = Release;
		};
		245FED9424B86E7500F068D1 /* Build configuration list for PBXNativeTarget "Cocktail DB" */ = {
			isa = XCConfigurationList;
			buildConfigurations = (
				245FED9524B86E7500F068D1 /* Debug */,
				245FED9624B86E7500F068D1 /* Release */,
			);
			defaultConfigurationIsVisible = 0;
			defaultConfigurationName = Release;
		};
/* End XCConfigurationList section */
	};
	rootObject = 245FED7824B86E6D00F068D1 /* Project object */;
}
